// !$*UTF8*$!
{
	archiveVersion = 1;
	classes = {
	};
	objectVersion = 50;
	objects = {

/* Begin PBXBuildFile section */
		DE8A344824E1430A00610718 /* AppDelegate.swift in Sources */ = {isa = PBXBuildFile; fileRef = DE8A344724E1430A00610718 /* AppDelegate.swift */; };
		DE8A344A24E1430A00610718 /* SceneDelegate.swift in Sources */ = {isa = PBXBuildFile; fileRef = DE8A344924E1430A00610718 /* SceneDelegate.swift */; };
		DE8A344C24E1430A00610718 /* ContentView.swift in Sources */ = {isa = PBXBuildFile; fileRef = DE8A344B24E1430A00610718 /* ContentView.swift */; };
		DE8A344E24E1430D00610718 /* Assets.xcassets in Resources */ = {isa = PBXBuildFile; fileRef = DE8A344D24E1430D00610718 /* Assets.xcassets */; };
		DE8A345124E1430D00610718 /* Preview Assets.xcassets in Resources */ = {isa = PBXBuildFile; fileRef = DE8A345024E1430D00610718 /* Preview Assets.xcassets */; };
		DE8A345424E1430D00610718 /* LaunchScreen.storyboard in Resources */ = {isa = PBXBuildFile; fileRef = DE8A345224E1430D00610718 /* LaunchScreen.storyboard */; };
		DEC38A3524E6DCC00078777D /* CardView.swift in Sources */ = {isa = PBXBuildFile; fileRef = DEC38A3424E6DCC00078777D /* CardView.swift */; };
/* End PBXBuildFile section */

/* Begin PBXFileReference section */
		DE8A344424E1430A00610718 /* 100SwiftUI-4.app */ = {isa = PBXFileReference; explicitFileType = wrapper.application; includeInIndex = 0; path = "100SwiftUI-4.app"; sourceTree = BUILT_PRODUCTS_DIR; };
		DE8A344724E1430A00610718 /* AppDelegate.swift */ = {isa = PBXFileReference; lastKnownFileType = sourcecode.swift; path = AppDelegate.swift; sourceTree = "<group>"; };
		DE8A344924E1430A00610718 /* SceneDelegate.swift */ = {isa = PBXFileReference; lastKnownFileType = sourcecode.swift; path = SceneDelegate.swift; sourceTree = "<group>"; };
		DE8A344B24E1430A00610718 /* ContentView.swift */ = {isa = PBXFileReference; lastKnownFileType = sourcecode.swift; path = ContentView.swift; sourceTree = "<group>"; };
		DE8A344D24E1430D00610718 /* Assets.xcassets */ = {isa = PBXFileReference; lastKnownFileType = folder.assetcatalog; path = Assets.xcassets; sourceTree = "<group>"; };
		DE8A345024E1430D00610718 /* Preview Assets.xcassets */ = {isa = PBXFileReference; lastKnownFileType = folder.assetcatalog; path = "Preview Assets.xcassets"; sourceTree = "<group>"; };
		DE8A345324E1430D00610718 /* Base */ = {isa = PBXFileReference; lastKnownFileType = file.storyboard; name = Base; path = Base.lproj/LaunchScreen.storyboard; sourceTree = "<group>"; };
		DE8A345524E1430D00610718 /* Info.plist */ = {isa = PBXFileReference; lastKnownFileType = text.plist.xml; path = Info.plist; sourceTree = "<group>"; };
		DEC38A3424E6DCC00078777D /* CardView.swift */ = {isa = PBXFileReference; lastKnownFileType = sourcecode.swift; path = CardView.swift; sourceTree = "<group>"; };
/* End PBXFileReference section */

/* Begin PBXFrameworksBuildPhase section */
		DE8A344124E1430A00610718 /* Frameworks */ = {
			isa = PBXFrameworksBuildPhase;
			buildActionMask = 2147483647;
			files = (
			);
			runOnlyForDeploymentPostprocessing = 0;
		};
/* End PBXFrameworksBuildPhase section */

/* Begin PBXGroup section */
		DE8A343B24E1430A00610718 = {
			isa = PBXGroup;
			children = (
				DE8A344624E1430A00610718 /* 100SwiftUI-4 */,
				DE8A344524E1430A00610718 /* Products */,
			);
			sourceTree = "<group>";
		};
		DE8A344524E1430A00610718 /* Products */ = {
			isa = PBXGroup;
			children = (
				DE8A344424E1430A00610718 /* 100SwiftUI-4.app */,
			);
			name = Products;
			sourceTree = "<group>";
		};
		DE8A344624E1430A00610718 /* 100SwiftUI-4 */ = {
			isa = PBXGroup;
			children = (
				DE8A344724E1430A00610718 /* AppDelegate.swift */,
				DE8A344924E1430A00610718 /* SceneDelegate.swift */,
				DE8A344B24E1430A00610718 /* ContentView.swift */,
				DEC38A3424E6DCC00078777D /* CardView.swift */,
				DE8A344D24E1430D00610718 /* Assets.xcassets */,
				DE8A345224E1430D00610718 /* LaunchScreen.storyboard */,
				DE8A345524E1430D00610718 /* Info.plist */,
				DE8A344F24E1430D00610718 /* Preview Content */,
			);
			path = "100SwiftUI-4";
			sourceTree = "<group>";
		};
		DE8A344F24E1430D00610718 /* Preview Content */ = {
			isa = PBXGroup;
			children = (
				DE8A345024E1430D00610718 /* Preview Assets.xcassets */,
			);
			path = "Preview Content";
			sourceTree = "<group>";
		};
/* End PBXGroup section */

/* Begin PBXNativeTarget section */
		DE8A344324E1430A00610718 /* 100SwiftUI-4 */ = {
			isa = PBXNativeTarget;
			buildConfigurationList = DE8A345824E1430D00610718 /* Build configuration list for PBXNativeTarget "100SwiftUI-4" */;
			buildPhases = (
				DE8A344024E1430A00610718 /* Sources */,
				DE8A344124E1430A00610718 /* Frameworks */,
				DE8A344224E1430A00610718 /* Resources */,
			);
			buildRules = (
			);
			dependencies = (
			);
			name = "100SwiftUI-4";
			productName = "100SwiftUI-4";
			productReference = DE8A344424E1430A00610718 /* 100SwiftUI-4.app */;
			productType = "com.apple.product-type.application";
		};
/* End PBXNativeTarget section */

/* Begin PBXProject section */
		DE8A343C24E1430A00610718 /* Project object */ = {
			isa = PBXProject;
			attributes = {
				LastSwiftUpdateCheck = 1160;
				LastUpgradeCheck = 1160;
				ORGANIZATIONNAME = terry;
				TargetAttributes = {
					DE8A344324E1430A00610718 = {
						CreatedOnToolsVersion = 11.6;
					};
				};
			};
			buildConfigurationList = DE8A343F24E1430A00610718 /* Build configuration list for PBXProject "100SwiftUI-4" */;
			compatibilityVersion = "Xcode 9.3";
			developmentRegion = en;
			hasScannedForEncodings = 0;
			knownRegions = (
				en,
				Base,
			);
			mainGroup = DE8A343B24E1430A00610718;
			productRefGroup = DE8A344524E1430A00610718 /* Products */;
			projectDirPath = "";
			projectRoot = "";
			targets = (
				DE8A344324E1430A00610718 /* 100SwiftUI-4 */,
			);
		};
/* End PBXProject section */

/* Begin PBXResourcesBuildPhase section */
		DE8A344224E1430A00610718 /* Resources */ = {
			isa = PBXResourcesBuildPhase;
			buildActionMask = 2147483647;
			files = (
				DE8A345424E1430D00610718 /* LaunchScreen.storyboard in Resources */,
				DE8A345124E1430D00610718 /* Preview Assets.xcassets in Resources */,
				DE8A344E24E1430D00610718 /* Assets.xcassets in Resources */,
			);
			runOnlyForDeploymentPostprocessing = 0;
		};
/* End PBXResourcesBuildPhase section */

/* Begin PBXSourcesBuildPhase section */
		DE8A344024E1430A00610718 /* Sources */ = {
			isa = PBXSourcesBuildPhase;
			buildActionMask = 2147483647;
			files = (
				DE8A344824E1430A00610718 /* AppDelegate.swift in Sources */,
				DE8A344A24E1430A00610718 /* SceneDelegate.swift in Sources */,
				DEC38A3524E6DCC00078777D /* CardView.swift in Sources */,
				DE8A344C24E1430A00610718 /* ContentView.swift in Sources */,
			);
			runOnlyForDeploymentPostprocessing = 0;
		};
/* End PBXSourcesBuildPhase section */

/* Begin PBXVariantGroup section */
		DE8A345224E1430D00610718 /* LaunchScreen.storyboard */ = {
			isa = PBXVariantGroup;
			children = (
				DE8A345324E1430D00610718 /* Base */,
			);
			name = LaunchScreen.storyboard;
			sourceTree = "<group>";
		};
/* End PBXVariantGroup section */

/* Begin XCBuildConfiguration section */
		DE8A345624E1430D00610718 /* Debug */ = {
			isa = XCBuildConfiguration;
			buildSettings = {
				ALWAYS_SEARCH_USER_PATHS = NO;
				CLANG_ANALYZER_NONNULL = YES;
				CLANG_ANALYZER_NUMBER_OBJECT_CONVERSION = YES_AGGRESSIVE;
				CLANG_CXX_LANGUAGE_STANDARD = "gnu++14";
				CLANG_CXX_LIBRARY = "libc++";
				CLANG_ENABLE_MODULES = YES;
				CLANG_ENABLE_OBJC_ARC = YES;
				CLANG_ENABLE_OBJC_WEAK = YES;
				CLANG_WARN_BLOCK_CAPTURE_AUTORELEASING = YES;
				CLANG_WARN_BOOL_CONVERSION = YES;
				CLANG_WARN_COMMA = YES;
				CLANG_WARN_CONSTANT_CONVERSION = YES;
				CLANG_WARN_DEPRECATED_OBJC_IMPLEMENTATIONS = YES;
				CLANG_WARN_DIRECT_OBJC_ISA_USAGE = YES_ERROR;
				CLANG_WARN_DOCUMENTATION_COMMENTS = YES;
				CLANG_WARN_EMPTY_BODY = YES;
				CLANG_WARN_ENUM_CONVERSION = YES;
				CLANG_WARN_INFINITE_RECURSION = YES;
				CLANG_WARN_INT_CONVERSION = YES;
				CLANG_WARN_NON_LITERAL_NULL_CONVERSION = YES;
				CLANG_WARN_OBJC_IMPLICIT_RETAIN_SELF = YES;
				CLANG_WARN_OBJC_LITERAL_CONVERSION = YES;
				CLANG_WARN_OBJC_ROOT_CLASS = YES_ERROR;
				CLANG_WARN_RANGE_LOOP_ANALYSIS = YES;
				CLANG_WARN_STRICT_PROTOTYPES = YES;
				CLANG_WARN_SUSPICIOUS_MOVE = YES;
				CLANG_WARN_UNGUARDED_AVAILABILITY = YES_AGGRESSIVE;
				CLANG_WARN_UNREACHABLE_CODE = YES;
				CLANG_WARN__DUPLICATE_METHOD_MATCH = YES;
				COPY_PHASE_STRIP = NO;
				DEBUG_INFORMATION_FORMAT = dwarf;
				ENABLE_STRICT_OBJC_MSGSEND = YES;
				ENABLE_TESTABILITY = YES;
				GCC_C_LANGUAGE_STANDARD = gnu11;
				GCC_DYNAMIC_NO_PIC = NO;
				GCC_NO_COMMON_BLOCKS = YES;
				GCC_OPTIMIZATION_LEVEL = 0;
				GCC_PREPROCESSOR_DEFINITIONS = (
					"DEBUG=1",
					"$(inherited)",
				);
				GCC_WARN_64_TO_32_BIT_CONVERSION = YES;
				GCC_WARN_ABOUT_RETURN_TYPE = YES_ERROR;
				GCC_WARN_UNDECLARED_SELECTOR = YES;
				GCC_WARN_UNINITIALIZED_AUTOS = YES_AGGRESSIVE;
				GCC_WARN_UNUSED_FUNCTION = YES;
				GCC_WARN_UNUSED_VARIABLE = YES;
				IPHONEOS_DEPLOYMENT_TARGET = 13.6;
				MTL_ENABLE_DEBUG_INFO = INCLUDE_SOURCE;
				MTL_FAST_MATH = YES;
				ONLY_ACTIVE_ARCH = YES;
				SDKROOT = iphoneos;
				SWIFT_ACTIVE_COMPILATION_CONDITIONS = DEBUG;
				SWIFT_OPTIMIZATION_LEVEL = "-Onone";
			};
			name = Debug;
		};
		DE8A345724E1430D00610718 /* Release */ = {
			isa = XCBuildConfiguration;
			buildSettings = {
				ALWAYS_SEARCH_USER_PATHS = NO;
				CLANG_ANALYZER_NONNULL = YES;
				CLANG_ANALYZER_NUMBER_OBJECT_CONVERSION = YES_AGGRESSIVE;
				CLANG_CXX_LANGUAGE_STANDARD = "gnu++14";
				CLANG_CXX_LIBRARY = "libc++";
				CLANG_ENABLE_MODULES = YES;
				CLANG_ENABLE_OBJC_ARC = YES;
				CLANG_ENABLE_OBJC_WEAK = YES;
				CLANG_WARN_BLOCK_CAPTURE_AUTORELEASING = YES;
				CLANG_WARN_BOOL_CONVERSION = YES;
				CLANG_WARN_COMMA = YES;
				CLANG_WARN_CONSTANT_CONVERSION = YES;
				CLANG_WARN_DEPRECATED_OBJC_IMPLEMENTATIONS = YES;
				CLANG_WARN_DIRECT_OBJC_ISA_USAGE = YES_ERROR;
				CLANG_WARN_DOCUMENTATION_COMMENTS = YES;
				CLANG_WARN_EMPTY_BODY = YES;
				CLANG_WARN_ENUM_CONVERSION = YES;
				CLANG_WARN_INFINITE_RECURSION = YES;
				CLANG_WARN_INT_CONVERSION = YES;
				CLANG_WARN_NON_LITERAL_NULL_CONVERSION = YES;
				CLANG_WARN_OBJC_IMPLICIT_RETAIN_SELF = YES;
				CLANG_WARN_OBJC_LITERAL_CONVERSION = YES;
				CLANG_WARN_OBJC_ROOT_CLASS = YES_ERROR;
				CLANG_WARN_RANGE_LOOP_ANALYSIS = YES;
				CLANG_WARN_STRICT_PROTOTYPES = YES;
				CLANG_WARN_SUSPICIOUS_MOVE = YES;
				CLANG_WARN_UNGUARDED_AVAILABILITY = YES_AGGRESSIVE;
				CLANG_WARN_UNREACHABLE_CODE = YES;
				CLANG_WARN__DUPLICATE_METHOD_MATCH = YES;
				COPY_PHASE_STRIP = NO;
				DEBUG_INFORMATION_FORMAT = "dwarf-with-dsym";
				ENABLE_NS_ASSERTIONS = NO;
				ENABLE_STRICT_OBJC_MSGSEND = YES;
				GCC_C_LANGUAGE_STANDARD = gnu11;
				GCC_NO_COMMON_BLOCKS = YES;
				GCC_WARN_64_TO_32_BIT_CONVERSION = YES;
				GCC_WARN_ABOUT_RETURN_TYPE = YES_ERROR;
				GCC_WARN_UNDECLARED_SELECTOR = YES;
				GCC_WARN_UNINITIALIZED_AUTOS = YES_AGGRESSIVE;
				GCC_WARN_UNUSED_FUNCTION = YES;
				GCC_WARN_UNUSED_VARIABLE = YES;
				IPHONEOS_DEPLOYMENT_TARGET = 13.6;
				MTL_ENABLE_DEBUG_INFO = NO;
				MTL_FAST_MATH = YES;
				SDKROOT = iphoneos;
				SWIFT_COMPILATION_MODE = wholemodule;
				SWIFT_OPTIMIZATION_LEVEL = "-O";
				VALIDATE_PRODUCT = YES;
			};
			name = Release;
		};
		DE8A345924E1430D00610718 /* Debug */ = {
			isa = XCBuildConfiguration;
			buildSettings = {
				ASSETCATALOG_COMPILER_APPICON_NAME = AppIcon;
				CODE_SIGN_STYLE = Automatic;
				DEVELOPMENT_ASSET_PATHS = "\"100SwiftUI-4/Preview Content\"";
				DEVELOPMENT_TEAM = JRHG542XCE;
				ENABLE_PREVIEWS = YES;
				INFOPLIST_FILE = "100SwiftUI-4/Info.plist";
				LD_RUNPATH_SEARCH_PATHS = (
					"$(inherited)",
					"@executable_path/Frameworks",
				);
				PRODUCT_BUNDLE_IDENTIFIER = "terry.-00SwiftUI-4";
				PRODUCT_NAME = "$(TARGET_NAME)";
				SWIFT_VERSION = 5.0;
				TARGETED_DEVICE_FAMILY = "1,2";
			};
			name = Debug;
		};
		DE8A345A24E1430D00610718 /* Release */ = {
			isa = XCBuildConfiguration;
			buildSettings = {
				ASSETCATALOG_COMPILER_APPICON_NAME = AppIcon;
				CODE_SIGN_STYLE = Automatic;
				DEVELOPMENT_ASSET_PATHS = "\"100SwiftUI-4/Preview Content\"";
				DEVELOPMENT_TEAM = JRHG542XCE;
				ENABLE_PREVIEWS = YES;
				INFOPLIST_FILE = "100SwiftUI-4/Info.plist";
				LD_RUNPATH_SEARCH_PATHS = (
					"$(inherited)",
					"@executable_path/Frameworks",
				);
				PRODUCT_BUNDLE_IDENTIFIER = "terry.-00SwiftUI-4";
				PRODUCT_NAME = "$(TARGET_NAME)";
				SWIFT_VERSION = 5.0;
				TARGETED_DEVICE_FAMILY = "1,2";
			};
			name = Release;
		};
/* End XCBuildConfiguration section */

/* Begin XCConfigurationList section */
		DE8A343F24E1430A00610718 /* Build configuration list for PBXProject "100SwiftUI-4" */ = {
			isa = XCConfigurationList;
			buildConfigurations = (
				DE8A345624E1430D00610718 /* Debug */,
				DE8A345724E1430D00610718 /* Release */,
			);
			defaultConfigurationIsVisible = 0;
			defaultConfigurationName = Release;
		};
		DE8A345824E1430D00610718 /* Build configuration list for PBXNativeTarget "100SwiftUI-4" */ = {
			isa = XCConfigurationList;
			buildConfigurations = (
				DE8A345924E1430D00610718 /* Debug */,
				DE8A345A24E1430D00610718 /* Release */,
			);
			defaultConfigurationIsVisible = 0;
			defaultConfigurationName = Release;
		};
/* End XCConfigurationList section */
	};
	rootObject = DE8A343C24E1430A00610718 /* Project object */;
}
